
Microsoft Visual Studio Solution File, Format Version 12.00
# Visual Studio Version 17
VisualStudioVersion = 17.5.33516.290
MinimumVisualStudioVersion = 10.0.40219.1
Project("{9A19103F-16F7-4668-BE54-9A1E7A4F7556}") = "EFSample", "EFSample\EFSample.csproj", "{C0CFFF31-A5EC-44A6-A558-091023F357DD}"
EndProject
Project("{FAE04EC0-301F-11D3-BF4B-00C04F79EFBC}") = "ClassLibrary1", "ClassLibrary1\ClassLibrary1.csproj", "{59344764-BF9F-4F5D-91CE-223B94DCCF9C}"
EndProject
Global
	GlobalSection(SolutionConfigurationPlatforms) = preSolution
		Debug|Any CPU = Debug|Any CPU
		Release|Any CPU = Release|Any CPU
	EndGlobalSection
	GlobalSection(ProjectConfigurationPlatforms) = postSolution
		{C0CFFF31-A5EC-44A6-A558-091023F357DD}.Debug|Any CPU.ActiveCfg = Debug|Any CPU
		{C0CFFF31-A5EC-44A6-A558-091023F357DD}.Debug|Any CPU.Build.0 = Debug|Any CPU
		{C0CFFF31-A5EC-44A6-A558-091023F357DD}.Release|Any CPU.ActiveCfg = Release|Any CPU
		{C0CFFF31-A5EC-44A6-A558-091023F357DD}.Release|Any CPU.Build.0 = Release|Any CPU
		{59344764-BF9F-4F5D-91CE-223B94DCCF9C}.Debug|Any CPU.ActiveCfg = Debug|Any CPU
		{59344764-BF9F-4F5D-91CE-223B94DCCF9C}.Debug|Any CPU.Build.0 = Debug|Any CPU
		{59344764-BF9F-4F5D-91CE-223B94DCCF9C}.Release|Any CPU.ActiveCfg = Release|Any CPU
		{59344764-BF9F-4F5D-91CE-223B94DCCF9C}.Release|Any CPU.Build.0 = Release|Any CPU
	EndGlobalSection
	GlobalSection(SolutionProperties) = preSolution
		HideSolutionNode = FALSE
	EndGlobalSection
	GlobalSection(ExtensibilityGlobals) = postSolution
		SolutionGuid = {0D865B61-E7EF-4214-B121-D9789F964EB1}
	EndGlobalSection
EndGlobal
