
Microsoft Visual Studio Solution File, Format Version 12.00
# Visual Studio Version 17
VisualStudioVersion = 17.5.33516.290
MinimumVisualStudioVersion = 10.0.40219.1
Project("{9A19103F-16F7-4668-BE54-9A1E7A4F7556}") = "StoreManagemnt", "StoreManagemnt\StoreManagemnt.csproj", "{BF08A20B-454E-47E5-880B-9144741B5586}"
EndProject
Global
	GlobalSection(SolutionConfigurationPlatforms) = preSolution
		Debug|Any CPU = Debug|Any CPU
		Release|Any CPU = Release|Any CPU
	EndGlobalSection
	GlobalSection(ProjectConfigurationPlatforms) = postSolution
		{BF08A20B-454E-47E5-880B-9144741B5586}.Debug|Any CPU.ActiveCfg = Debug|Any CPU
		{BF08A20B-454E-47E5-880B-9144741B5586}.Debug|Any CPU.Build.0 = Debug|Any CPU
		{BF08A20B-454E-47E5-880B-9144741B5586}.Release|Any CPU.ActiveCfg = Release|Any CPU
		{BF08A20B-454E-47E5-880B-9144741B5586}.Release|Any CPU.Build.0 = Release|Any CPU
	EndGlobalSection
	GlobalSection(SolutionProperties) = preSolution
		HideSolutionNode = FALSE
	EndGlobalSection
	GlobalSection(ExtensibilityGlobals) = postSolution
		SolutionGuid = {B8B313F4-B64D-4800-97C1-E23082EB5EA2}
	EndGlobalSection
EndGlobal
