
Microsoft Visual Studio Solution File, Format Version 12.00
# Visual Studio Version 17
VisualStudioVersion = 17.5.33516.290
MinimumVisualStudioVersion = 10.0.40219.1
Project("{FAE04EC0-301F-11D3-BF4B-00C04F79EFBC}") = "ExecutionAll", "ExecutionAll\ExecutionAll.csproj", "{977E50BD-662E-46F0-A48D-05EFF4EACEBB}"
EndProject
Global
	GlobalSection(SolutionConfigurationPlatforms) = preSolution
		Debug|Any CPU = Debug|Any CPU
		Release|Any CPU = Release|Any CPU
	EndGlobalSection
	GlobalSection(ProjectConfigurationPlatforms) = postSolution
		{977E50BD-662E-46F0-A48D-05EFF4EACEBB}.Debug|Any CPU.ActiveCfg = Debug|Any CPU
		{977E50BD-662E-46F0-A48D-05EFF4EACEBB}.Debug|Any CPU.Build.0 = Debug|Any CPU
		{977E50BD-662E-46F0-A48D-05EFF4EACEBB}.Release|Any CPU.ActiveCfg = Release|Any CPU
		{977E50BD-662E-46F0-A48D-05EFF4EACEBB}.Release|Any CPU.Build.0 = Release|Any CPU
	EndGlobalSection
	GlobalSection(SolutionProperties) = preSolution
		HideSolutionNode = FALSE
	EndGlobalSection
	GlobalSection(ExtensibilityGlobals) = postSolution
		SolutionGuid = {705B19D5-462C-429C-8E91-1BEADF2D7C9A}
	EndGlobalSection
EndGlobal
