
Microsoft Visual Studio Solution File, Format Version 12.00
# Visual Studio Version 17
VisualStudioVersion = 17.5.33502.453
MinimumVisualStudioVersion = 10.0.40219.1
Project("{FAE04EC0-301F-11D3-BF4B-00C04F79EFBC}") = "mark", "mark\mark.csproj", "{42665D5A-0472-43BD-81DF-157E5407323E}"
EndProject
Global
	GlobalSection(SolutionConfigurationPlatforms) = preSolution
		Debug|Any CPU = Debug|Any CPU
		Release|Any CPU = Release|Any CPU
	EndGlobalSection
	GlobalSection(ProjectConfigurationPlatforms) = postSolution
		{42665D5A-0472-43BD-81DF-157E5407323E}.Debug|Any CPU.ActiveCfg = Debug|Any CPU
		{42665D5A-0472-43BD-81DF-157E5407323E}.Debug|Any CPU.Build.0 = Debug|Any CPU
		{42665D5A-0472-43BD-81DF-157E5407323E}.Release|Any CPU.ActiveCfg = Release|Any CPU
		{42665D5A-0472-43BD-81DF-157E5407323E}.Release|Any CPU.Build.0 = Release|Any CPU
	EndGlobalSection
	GlobalSection(SolutionProperties) = preSolution
		HideSolutionNode = FALSE
	EndGlobalSection
	GlobalSection(ExtensibilityGlobals) = postSolution
		SolutionGuid = {230BE45A-AD8C-4FD7-B7D4-BBD0965965D9}
	EndGlobalSection
EndGlobal
