
Microsoft Visual Studio Solution File, Format Version 12.00
# Visual Studio Version 17
VisualStudioVersion = 17.5.33516.290
MinimumVisualStudioVersion = 10.0.40219.1
Project("{FAE04EC0-301F-11D3-BF4B-00C04F79EFBC}") = "Apr7", "Apr7\Apr7.csproj", "{BD554C86-71BF-4826-8168-BDC40AB7DB4E}"
EndProject
Global
	GlobalSection(SolutionConfigurationPlatforms) = preSolution
		Debug|Any CPU = Debug|Any CPU
		Release|Any CPU = Release|Any CPU
	EndGlobalSection
	GlobalSection(ProjectConfigurationPlatforms) = postSolution
		{BD554C86-71BF-4826-8168-BDC40AB7DB4E}.Debug|Any CPU.ActiveCfg = Debug|Any CPU
		{BD554C86-71BF-4826-8168-BDC40AB7DB4E}.Debug|Any CPU.Build.0 = Debug|Any CPU
		{BD554C86-71BF-4826-8168-BDC40AB7DB4E}.Release|Any CPU.ActiveCfg = Release|Any CPU
		{BD554C86-71BF-4826-8168-BDC40AB7DB4E}.Release|Any CPU.Build.0 = Release|Any CPU
	EndGlobalSection
	GlobalSection(SolutionProperties) = preSolution
		HideSolutionNode = FALSE
	EndGlobalSection
	GlobalSection(ExtensibilityGlobals) = postSolution
		SolutionGuid = {7E666EC1-03A4-4721-9387-62B552BC5E3F}
	EndGlobalSection
EndGlobal
